
Microsoft Visual Studio Solution File, Format Version 12.00
# Visual Studio 15
VisualStudioVersion = 15.0.27703.2047
MinimumVisualStudioVersion = 10.0.40219.1
Project("{9A19103F-16F7-4668-BE54-9A1E7A4F7556}") = "TodoApi", "TodoApi\TodoApi.csproj", "{39B8FFF2-4760-4C41-9BEA-FA08CE360FF6}"
EndProject
Project("{E53339B2-1760-4266-BCC7-CA923CBCF16C}") = "docker-compose", "docker-compose.dcproj", "{C3D26477-C337-4399-AA99-62D7AC724F5D}"
EndProject
Global
	GlobalSection(SolutionConfigurationPlatforms) = preSolution
		Debug|Any CPU = Debug|Any CPU
		Release|Any CPU = Release|Any CPU
	EndGlobalSection
	GlobalSection(ProjectConfigurationPlatforms) = postSolution
		{39B8FFF2-4760-4C41-9BEA-FA08CE360FF6}.Debug|Any CPU.ActiveCfg = Debug|Any CPU
		{39B8FFF2-4760-4C41-9BEA-FA08CE360FF6}.Debug|Any CPU.Build.0 = Debug|Any CPU
		{39B8FFF2-4760-4C41-9BEA-FA08CE360FF6}.Release|Any CPU.ActiveCfg = Release|Any CPU
		{39B8FFF2-4760-4C41-9BEA-FA08CE360FF6}.Release|Any CPU.Build.0 = Release|Any CPU
		{C3D26477-C337-4399-AA99-62D7AC724F5D}.Debug|Any CPU.ActiveCfg = Debug|Any CPU
		{C3D26477-C337-4399-AA99-62D7AC724F5D}.Debug|Any CPU.Build.0 = Debug|Any CPU
		{C3D26477-C337-4399-AA99-62D7AC724F5D}.Release|Any CPU.ActiveCfg = Release|Any CPU
		{C3D26477-C337-4399-AA99-62D7AC724F5D}.Release|Any CPU.Build.0 = Release|Any CPU
	EndGlobalSection
	GlobalSection(SolutionProperties) = preSolution
		HideSolutionNode = FALSE
	EndGlobalSection
	GlobalSection(ExtensibilityGlobals) = postSolution
		SolutionGuid = {AEA74576-2F2C-4886-8FD9-8AB38CA694DE}
	EndGlobalSection
EndGlobal
